# This file is automatically @generated by Cargo.
# It is not intended for manual editing.
version = 4

[[package]]
name = "host-exec"
version = "0.1.0"
dependencies = [
 "host-exec-shared",
]

[[package]]
name = "host-exec-server"
version = "0.1.0"
dependencies = [
 "host-exec-shared",
]

[[package]]
name = "host-exec-shared"
version = "0.1.0"
